// !$*UTF8*$!
{
	archiveVersion = 1;
	classes = {
	};
	objectVersion = 48;
	objects = {

/* Begin PBXBuildFile section */
		7EB9ABE82C7C5C5D6E42EAA7 /* Pods_Todoey.framework in Frameworks */ = {isa = PBXBuildFile; fileRef = 3855C66DA0E97AC232F00C3B /* Pods_Todoey.framework */; };
		CC409CE52019995600AEE5D0 /* CategoryTableViewController.swift in Sources */ = {isa = PBXBuildFile; fileRef = CC409CE42019995600AEE5D0 /* CategoryTableViewController.swift */; };
		CC409CE9201A4BE700AEE5D0 /* Item.swift in Sources */ = {isa = PBXBuildFile; fileRef = CC409CE8201A4BE700AEE5D0 /* Item.swift */; };
		CC409CEB201A4BF100AEE5D0 /* Category.swift in Sources */ = {isa = PBXBuildFile; fileRef = CC409CEA201A4BF100AEE5D0 /* Category.swift */; };
		CCA5E574200B5663004D4640 /* AppDelegate.swift in Sources */ = {isa = PBXBuildFile; fileRef = CCA5E573200B5663004D4640 /* AppDelegate.swift */; };
		CCA5E576200B5663004D4640 /* TodoListViewController.swift in Sources */ = {isa = PBXBuildFile; fileRef = CCA5E575200B5663004D4640 /* TodoListViewController.swift */; };
		CCA5E579200B5663004D4640 /* Main.storyboard in Resources */ = {isa = PBXBuildFile; fileRef = CCA5E577200B5663004D4640 /* Main.storyboard */; };
		CCA5E57B200B5663004D4640 /* Assets.xcassets in Resources */ = {isa = PBXBuildFile; fileRef = CCA5E57A200B5663004D4640 /* Assets.xcassets */; };
		CCA5E57E200B5663004D4640 /* LaunchScreen.storyboard in Resources */ = {isa = PBXBuildFile; fileRef = CCA5E57C200B5663004D4640 /* LaunchScreen.storyboard */; };
/* End PBXBuildFile section */

/* Begin PBXFileReference section */
		1667D5DCFD1A2CA0BADC1686 /* Pods-Todoey.release.xcconfig */ = {isa = PBXFileReference; includeInIndex = 1; lastKnownFileType = text.xcconfig; name = "Pods-Todoey.release.xcconfig"; path = "Pods/Target Support Files/Pods-Todoey/Pods-Todoey.release.xcconfig"; sourceTree = "<group>"; };
		3855C66DA0E97AC232F00C3B /* Pods_Todoey.framework */ = {isa = PBXFileReference; explicitFileType = wrapper.framework; includeInIndex = 0; path = Pods_Todoey.framework; sourceTree = BUILT_PRODUCTS_DIR; };
		555E549E0C9A9591C4BB48CB /* Pods-Todoey.debug.xcconfig */ = {isa = PBXFileReference; includeInIndex = 1; lastKnownFileType = text.xcconfig; name = "Pods-Todoey.debug.xcconfig"; path = "Pods/Target Support Files/Pods-Todoey/Pods-Todoey.debug.xcconfig"; sourceTree = "<group>"; };
		CC409CE42019995600AEE5D0 /* CategoryTableViewController.swift */ = {isa = PBXFileReference; lastKnownFileType = sourcecode.swift; path = CategoryTableViewController.swift; sourceTree = "<group>"; };
		CC409CE8201A4BE700AEE5D0 /* Item.swift */ = {isa = PBXFileReference; lastKnownFileType = sourcecode.swift; path = Item.swift; sourceTree = "<group>"; };
		CC409CEA201A4BF100AEE5D0 /* Category.swift */ = {isa = PBXFileReference; lastKnownFileType = sourcecode.swift; path = Category.swift; sourceTree = "<group>"; };
		CCA5E570200B5663004D4640 /* Todoey.app */ = {isa = PBXFileReference; explicitFileType = wrapper.application; includeInIndex = 0; path = Todoey.app; sourceTree = BUILT_PRODUCTS_DIR; };
		CCA5E573200B5663004D4640 /* AppDelegate.swift */ = {isa = PBXFileReference; lastKnownFileType = sourcecode.swift; path = AppDelegate.swift; sourceTree = "<group>"; };
		CCA5E575200B5663004D4640 /* TodoListViewController.swift */ = {isa = PBXFileReference; lastKnownFileType = sourcecode.swift; path = TodoListViewController.swift; sourceTree = "<group>"; };
		CCA5E578200B5663004D4640 /* Base */ = {isa = PBXFileReference; lastKnownFileType = file.storyboard; name = Base; path = Base.lproj/Main.storyboard; sourceTree = "<group>"; };
		CCA5E57A200B5663004D4640 /* Assets.xcassets */ = {isa = PBXFileReference; lastKnownFileType = folder.assetcatalog; path = Assets.xcassets; sourceTree = "<group>"; };
		CCA5E57D200B5663004D4640 /* Base */ = {isa = PBXFileReference; lastKnownFileType = file.storyboard; name = Base; path = Base.lproj/LaunchScreen.storyboard; sourceTree = "<group>"; };
		CCA5E57F200B5663004D4640 /* Info.plist */ = {isa = PBXFileReference; lastKnownFileType = text.plist.xml; path = Info.plist; sourceTree = "<group>"; };
/* End PBXFileReference section */

/* Begin PBXFrameworksBuildPhase section */
		CCA5E56D200B5663004D4640 /* Frameworks */ = {
			isa = PBXFrameworksBuildPhase;
			buildActionMask = 2147483647;
			files = (
				7EB9ABE82C7C5C5D6E42EAA7 /* Pods_Todoey.framework in Frameworks */,
			);
			runOnlyForDeploymentPostprocessing = 0;
		};
/* End PBXFrameworksBuildPhase section */

/* Begin PBXGroup section */
		0E4506242787A2B0CE169042 /* Frameworks */ = {
			isa = PBXGroup;
			children = (
				3855C66DA0E97AC232F00C3B /* Pods_Todoey.framework */,
			);
			name = Frameworks;
			sourceTree = "<group>";
		};
		215DE76B9D539AE952349497 /* Pods */ = {
			isa = PBXGroup;
			children = (
				555E549E0C9A9591C4BB48CB /* Pods-Todoey.debug.xcconfig */,
				1667D5DCFD1A2CA0BADC1686 /* Pods-Todoey.release.xcconfig */,
			);
			name = Pods;
			sourceTree = "<group>";
		};
		CC8E0ED02014887500D7191B /* Modal */ = {
			isa = PBXGroup;
			children = (
				CC409CEA201A4BF100AEE5D0 /* Category.swift */,
				CC409CE8201A4BE700AEE5D0 /* Item.swift */,
			);
			path = Modal;
			sourceTree = "<group>";
		};
		CC8E0ED12014889300D7191B /* Controller */ = {
			isa = PBXGroup;
			children = (
				CCA5E575200B5663004D4640 /* TodoListViewController.swift */,
				CC409CE42019995600AEE5D0 /* CategoryTableViewController.swift */,
			);
			path = Controller;
			sourceTree = "<group>";
		};
		CC8E0ED2201488CF00D7191B /* Views */ = {
			isa = PBXGroup;
			children = (
				CCA5E577200B5663004D4640 /* Main.storyboard */,
			);
			path = Views;
			sourceTree = "<group>";
		};
		CC8E0ED3201488FD00D7191B /* Supporting Files */ = {
			isa = PBXGroup;
			children = (
				CCA5E57A200B5663004D4640 /* Assets.xcassets */,
				CCA5E57C200B5663004D4640 /* LaunchScreen.storyboard */,
			);
			path = "Supporting Files";
			sourceTree = "<group>";
		};
		CCA5E567200B5663004D4640 = {
			isa = PBXGroup;
			children = (
				CCA5E572200B5663004D4640 /* Todoey */,
				CCA5E571200B5663004D4640 /* Products */,
				215DE76B9D539AE952349497 /* Pods */,
				0E4506242787A2B0CE169042 /* Frameworks */,
			);
			sourceTree = "<group>";
		};
		CCA5E571200B5663004D4640 /* Products */ = {
			isa = PBXGroup;
			children = (
				CCA5E570200B5663004D4640 /* Todoey.app */,
			);
			name = Products;
			sourceTree = "<group>";
		};
		CCA5E572200B5663004D4640 /* Todoey */ = {
			isa = PBXGroup;
			children = (
				CCA5E573200B5663004D4640 /* AppDelegate.swift */,
				CC8E0ED12014889300D7191B /* Controller */,
				CC8E0ED2201488CF00D7191B /* Views */,
				CC8E0ED3201488FD00D7191B /* Supporting Files */,
				CCA5E57F200B5663004D4640 /* Info.plist */,
				CC8E0ED02014887500D7191B /* Modal */,
			);
			path = Todoey;
			sourceTree = "<group>";
		};
/* End PBXGroup section */

/* Begin PBXNativeTarget section */
		CCA5E56F200B5663004D4640 /* Todoey */ = {
			isa = PBXNativeTarget;
			buildConfigurationList = CCA5E582200B5663004D4640 /* Build configuration list for PBXNativeTarget "Todoey" */;
			buildPhases = (
				B28E07D1FF1491CB5A443BCF /* [CP] Check Pods Manifest.lock */,
				CCA5E56C200B5663004D4640 /* Sources */,
				CCA5E56D200B5663004D4640 /* Frameworks */,
				CCA5E56E200B5663004D4640 /* Resources */,
				A2BE57EBA1295B4E451B77DB /* [CP] Embed Pods Frameworks */,
				BD4DB17E264B89BDC69B5823 /* [CP] Copy Pods Resources */,
			);
			buildRules = (
			);
			dependencies = (
			);
			name = Todoey;
			productName = Todoey;
			productReference = CCA5E570200B5663004D4640 /* Todoey.app */;
			productType = "com.apple.product-type.application";
		};
/* End PBXNativeTarget section */

/* Begin PBXProject section */
		CCA5E568200B5663004D4640 /* Project object */ = {
			isa = PBXProject;
			attributes = {
				LastSwiftUpdateCheck = 0920;
				LastUpgradeCheck = 0920;
				ORGANIZATIONNAME = Witrakor;
				TargetAttributes = {
					CCA5E56F200B5663004D4640 = {
						CreatedOnToolsVersion = 9.2;
						ProvisioningStyle = Automatic;
					};
				};
			};
			buildConfigurationList = CCA5E56B200B5663004D4640 /* Build configuration list for PBXProject "Todoey" */;
			compatibilityVersion = "Xcode 8.0";
			developmentRegion = en;
			hasScannedForEncodings = 0;
			knownRegions = (
				en,
				Base,
			);
			mainGroup = CCA5E567200B5663004D4640;
			productRefGroup = CCA5E571200B5663004D4640 /* Products */;
			projectDirPath = "";
			projectRoot = "";
			targets = (
				CCA5E56F200B5663004D4640 /* Todoey */,
			);
		};
/* End PBXProject section */

/* Begin PBXResourcesBuildPhase section */
		CCA5E56E200B5663004D4640 /* Resources */ = {
			isa = PBXResourcesBuildPhase;
			buildActionMask = 2147483647;
			files = (
				CCA5E57E200B5663004D4640 /* LaunchScreen.storyboard in Resources */,
				CCA5E57B200B5663004D4640 /* Assets.xcassets in Resources */,
				CCA5E579200B5663004D4640 /* Main.storyboard in Resources */,
			);
			runOnlyForDeploymentPostprocessing = 0;
		};
/* End PBXResourcesBuildPhase section */

/* Begin PBXShellScriptBuildPhase section */
		A2BE57EBA1295B4E451B77DB /* [CP] Embed Pods Frameworks */ = {
			isa = PBXShellScriptBuildPhase;
			buildActionMask = 2147483647;
			files = (
			);
			inputPaths = (
				"${SRCROOT}/Pods/Target Support Files/Pods-Todoey/Pods-Todoey-frameworks.sh",
				"${BUILT_PRODUCTS_DIR}/Realm/Realm.framework",
				"${BUILT_PRODUCTS_DIR}/RealmSwift/RealmSwift.framework",
			);
			name = "[CP] Embed Pods Frameworks";
			outputPaths = (
				"${TARGET_BUILD_DIR}/${FRAMEWORKS_FOLDER_PATH}/Realm.framework",
				"${TARGET_BUILD_DIR}/${FRAMEWORKS_FOLDER_PATH}/RealmSwift.framework",
			);
			runOnlyForDeploymentPostprocessing = 0;
			shellPath = /bin/sh;
			shellScript = "\"${SRCROOT}/Pods/Target Support Files/Pods-Todoey/Pods-Todoey-frameworks.sh\"\n";
			showEnvVarsInLog = 0;
		};
		B28E07D1FF1491CB5A443BCF /* [CP] Check Pods Manifest.lock */ = {
			isa = PBXShellScriptBuildPhase;
			buildActionMask = 2147483647;
			files = (
			);
			inputPaths = (
				"${PODS_PODFILE_DIR_PATH}/Podfile.lock",
				"${PODS_ROOT}/Manifest.lock",
			);
			name = "[CP] Check Pods Manifest.lock";
			outputPaths = (
				"$(DERIVED_FILE_DIR)/Pods-Todoey-checkManifestLockResult.txt",
			);
			runOnlyForDeploymentPostprocessing = 0;
			shellPath = /bin/sh;
			shellScript = "diff \"${PODS_PODFILE_DIR_PATH}/Podfile.lock\" \"${PODS_ROOT}/Manifest.lock\" > /dev/null\nif [ $? != 0 ] ; then\n    # print error to STDERR\n    echo \"error: The sandbox is not in sync with the Podfile.lock. Run 'pod install' or update your CocoaPods installation.\" >&2\n    exit 1\nfi\n# This output is used by Xcode 'outputs' to avoid re-running this script phase.\necho \"SUCCESS\" > \"${SCRIPT_OUTPUT_FILE_0}\"\n";
			showEnvVarsInLog = 0;
		};
		BD4DB17E264B89BDC69B5823 /* [CP] Copy Pods Resources */ = {
			isa = PBXShellScriptBuildPhase;
			buildActionMask = 2147483647;
			files = (
			);
			inputPaths = (
			);
			name = "[CP] Copy Pods Resources";
			outputPaths = (
			);
			runOnlyForDeploymentPostprocessing = 0;
			shellPath = /bin/sh;
			shellScript = "\"${SRCROOT}/Pods/Target Support Files/Pods-Todoey/Pods-Todoey-resources.sh\"\n";
			showEnvVarsInLog = 0;
		};
/* End PBXShellScriptBuildPhase section */

/* Begin PBXSourcesBuildPhase section */
		CCA5E56C200B5663004D4640 /* Sources */ = {
			isa = PBXSourcesBuildPhase;
			buildActionMask = 2147483647;
			files = (
				CC409CE9201A4BE700AEE5D0 /* Item.swift in Sources */,
				CCA5E576200B5663004D4640 /* TodoListViewController.swift in Sources */,
				CCA5E574200B5663004D4640 /* AppDelegate.swift in Sources */,
				CC409CE52019995600AEE5D0 /* CategoryTableViewController.swift in Sources */,
				CC409CEB201A4BF100AEE5D0 /* Category.swift in Sources */,
			);
			runOnlyForDeploymentPostprocessing = 0;
		};
/* End PBXSourcesBuildPhase section */

/* Begin PBXVariantGroup section */
		CCA5E577200B5663004D4640 /* Main.storyboard */ = {
			isa = PBXVariantGroup;
			children = (
				CCA5E578200B5663004D4640 /* Base */,
			);
			name = Main.storyboard;
			sourceTree = "<group>";
		};
		CCA5E57C200B5663004D4640 /* LaunchScreen.storyboard */ = {
			isa = PBXVariantGroup;
			children = (
				CCA5E57D200B5663004D4640 /* Base */,
			);
			name = LaunchScreen.storyboard;
			sourceTree = "<group>";
		};
/* End PBXVariantGroup section */

/* Begin XCBuildConfiguration section */
		CCA5E580200B5663004D4640 /* Debug */ = {
			isa = XCBuildConfiguration;
			buildSettings = {
				ALWAYS_SEARCH_USER_PATHS = NO;
				CLANG_ANALYZER_NONNULL = YES;
				CLANG_ANALYZER_NUMBER_OBJECT_CONVERSION = YES_AGGRESSIVE;
				CLANG_CXX_LANGUAGE_STANDARD = "gnu++14";
				CLANG_CXX_LIBRARY = "libc++";
				CLANG_ENABLE_MODULES = YES;
				CLANG_ENABLE_OBJC_ARC = YES;
				CLANG_WARN_BLOCK_CAPTURE_AUTORELEASING = YES;
				CLANG_WARN_BOOL_CONVERSION = YES;
				CLANG_WARN_COMMA = YES;
				CLANG_WARN_CONSTANT_CONVERSION = YES;
				CLANG_WARN_DIRECT_OBJC_ISA_USAGE = YES_ERROR;
				CLANG_WARN_DOCUMENTATION_COMMENTS = YES;
				CLANG_WARN_EMPTY_BODY = YES;
				CLANG_WARN_ENUM_CONVERSION = YES;
				CLANG_WARN_INFINITE_RECURSION = YES;
				CLANG_WARN_INT_CONVERSION = YES;
				CLANG_WARN_NON_LITERAL_NULL_CONVERSION = YES;
				CLANG_WARN_OBJC_LITERAL_CONVERSION = YES;
				CLANG_WARN_OBJC_ROOT_CLASS = YES_ERROR;
				CLANG_WARN_RANGE_LOOP_ANALYSIS = YES;
				CLANG_WARN_STRICT_PROTOTYPES = YES;
				CLANG_WARN_SUSPICIOUS_MOVE = YES;
				CLANG_WARN_UNGUARDED_AVAILABILITY = YES_AGGRESSIVE;
				CLANG_WARN_UNREACHABLE_CODE = YES;
				CLANG_WARN__DUPLICATE_METHOD_MATCH = YES;
				CODE_SIGN_IDENTITY = "iPhone Developer";
				COPY_PHASE_STRIP = NO;
				DEBUG_INFORMATION_FORMAT = dwarf;
				ENABLE_STRICT_OBJC_MSGSEND = YES;
				ENABLE_TESTABILITY = YES;
				GCC_C_LANGUAGE_STANDARD = gnu11;
				GCC_DYNAMIC_NO_PIC = NO;
				GCC_NO_COMMON_BLOCKS = YES;
				GCC_OPTIMIZATION_LEVEL = 0;
				GCC_PREPROCESSOR_DEFINITIONS = (
					"DEBUG=1",
					"$(inherited)",
				);
				GCC_WARN_64_TO_32_BIT_CONVERSION = YES;
				GCC_WARN_ABOUT_RETURN_TYPE = YES_ERROR;
				GCC_WARN_UNDECLARED_SELECTOR = YES;
				GCC_WARN_UNINITIALIZED_AUTOS = YES_AGGRESSIVE;
				GCC_WARN_UNUSED_FUNCTION = YES;
				GCC_WARN_UNUSED_VARIABLE = YES;
				IPHONEOS_DEPLOYMENT_TARGET = 11.2;
				MTL_ENABLE_DEBUG_INFO = YES;
				ONLY_ACTIVE_ARCH = YES;
				SDKROOT = iphoneos;
				SWIFT_ACTIVE_COMPILATION_CONDITIONS = DEBUG;
				SWIFT_OPTIMIZATION_LEVEL = "-Onone";
			};
			name = Debug;
		};
		CCA5E581200B5663004D4640 /* Release */ = {
			isa = XCBuildConfiguration;
			buildSettings = {
				ALWAYS_SEARCH_USER_PATHS = NO;
				CLANG_ANALYZER_NONNULL = YES;
				CLANG_ANALYZER_NUMBER_OBJECT_CONVERSION = YES_AGGRESSIVE;
				CLANG_CXX_LANGUAGE_STANDARD = "gnu++14";
				CLANG_CXX_LIBRARY = "libc++";
				CLANG_ENABLE_MODULES = YES;
				CLANG_ENABLE_OBJC_ARC = YES;
				CLANG_WARN_BLOCK_CAPTURE_AUTORELEASING = YES;
				CLANG_WARN_BOOL_CONVERSION = YES;
				CLANG_WARN_COMMA = YES;
				CLANG_WARN_CONSTANT_CONVERSION = YES;
				CLANG_WARN_DIRECT_OBJC_ISA_USAGE = YES_ERROR;
				CLANG_WARN_DOCUMENTATION_COMMENTS = YES;
				CLANG_WARN_EMPTY_BODY = YES;
				CLANG_WARN_ENUM_CONVERSION = YES;
				CLANG_WARN_INFINITE_RECURSION = YES;
				CLANG_WARN_INT_CONVERSION = YES;
				CLANG_WARN_NON_LITERAL_NULL_CONVERSION = YES;
				CLANG_WARN_OBJC_LITERAL_CONVERSION = YES;
				CLANG_WARN_OBJC_ROOT_CLASS = YES_ERROR;
				CLANG_WARN_RANGE_LOOP_ANALYSIS = YES;
				CLANG_WARN_STRICT_PROTOTYPES = YES;
				CLANG_WARN_SUSPICIOUS_MOVE = YES;
				CLANG_WARN_UNGUARDED_AVAILABILITY = YES_AGGRESSIVE;
				CLANG_WARN_UNREACHABLE_CODE = YES;
				CLANG_WARN__DUPLICATE_METHOD_MATCH = YES;
				CODE_SIGN_IDENTITY = "iPhone Developer";
				COPY_PHASE_STRIP = NO;
				DEBUG_INFORMATION_FORMAT = "dwarf-with-dsym";
				ENABLE_NS_ASSERTIONS = NO;
				ENABLE_STRICT_OBJC_MSGSEND = YES;
				GCC_C_LANGUAGE_STANDARD = gnu11;
				GCC_NO_COMMON_BLOCKS = YES;
				GCC_WARN_64_TO_32_BIT_CONVERSION = YES;
				GCC_WARN_ABOUT_RETURN_TYPE = YES_ERROR;
				GCC_WARN_UNDECLARED_SELECTOR = YES;
				GCC_WARN_UNINITIALIZED_AUTOS = YES_AGGRESSIVE;
				GCC_WARN_UNUSED_FUNCTION = YES;
				GCC_WARN_UNUSED_VARIABLE = YES;
				IPHONEOS_DEPLOYMENT_TARGET = 11.2;
				MTL_ENABLE_DEBUG_INFO = NO;
				SDKROOT = iphoneos;
				SWIFT_OPTIMIZATION_LEVEL = "-Owholemodule";
				VALIDATE_PRODUCT = YES;
			};
			name = Release;
		};
		CCA5E583200B5663004D4640 /* Debug */ = {
			isa = XCBuildConfiguration;
			baseConfigurationReference = 555E549E0C9A9591C4BB48CB /* Pods-Todoey.debug.xcconfig */;
			buildSettings = {
				ASSETCATALOG_COMPILER_APPICON_NAME = AppIcon;
				CODE_SIGN_STYLE = Automatic;
				INFOPLIST_FILE = Todoey/Info.plist;
				LD_RUNPATH_SEARCH_PATHS = "$(inherited) @executable_path/Frameworks";
				PRODUCT_BUNDLE_IDENTIFIER = Riwwee.Todoey;
				PRODUCT_NAME = "$(TARGET_NAME)";
				SWIFT_VERSION = 4.0;
				TARGETED_DEVICE_FAMILY = "1,2";
			};
			name = Debug;
		};
		CCA5E584200B5663004D4640 /* Release */ = {
			isa = XCBuildConfiguration;
			baseConfigurationReference = 1667D5DCFD1A2CA0BADC1686 /* Pods-Todoey.release.xcconfig */;
			buildSettings = {
				ASSETCATALOG_COMPILER_APPICON_NAME = AppIcon;
				CODE_SIGN_STYLE = Automatic;
				INFOPLIST_FILE = Todoey/Info.plist;
				LD_RUNPATH_SEARCH_PATHS = "$(inherited) @executable_path/Frameworks";
				PRODUCT_BUNDLE_IDENTIFIER = Riwwee.Todoey;
				PRODUCT_NAME = "$(TARGET_NAME)";
				SWIFT_VERSION = 4.0;
				TARGETED_DEVICE_FAMILY = "1,2";
			};
			name = Release;
		};
/* End XCBuildConfiguration section */

/* Begin XCConfigurationList section */
		CCA5E56B200B5663004D4640 /* Build configuration list for PBXProject "Todoey" */ = {
			isa = XCConfigurationList;
			buildConfigurations = (
				CCA5E580200B5663004D4640 /* Debug */,
				CCA5E581200B5663004D4640 /* Release */,
			);
			defaultConfigurationIsVisible = 0;
			defaultConfigurationName = Release;
		};
		CCA5E582200B5663004D4640 /* Build configuration list for PBXNativeTarget "Todoey" */ = {
			isa = XCConfigurationList;
			buildConfigurations = (
				CCA5E583200B5663004D4640 /* Debug */,
				CCA5E584200B5663004D4640 /* Release */,
			);
			defaultConfigurationIsVisible = 0;
			defaultConfigurationName = Release;
		};
/* End XCConfigurationList section */
	};
	rootObject = CCA5E568200B5663004D4640 /* Project object */;
}
